{
  "version": 4,
  "terraform_version": "1.3.7",
  "serial": 22,
  "lineage": "7838032b-ff44-689a-da9e-df7f94e73a17",
  "outputs": {},
  "resources": [
    {
      "mode": "managed",
      "type": "azurerm_resource_group",
      "name": "rgfsa",
      "provider": "provider[\"registry.terraform.io/hashicorp/azurerm\"]",
      "instances": [
        {
          "schema_version": 0,
          "attributes": {
            "id": "/subscriptions/214be358-e4cb-434f-b300-aceef5abd2f3/resourceGroups/RG-FSA",
            "location": "northeurope",
            "managed_by": "",
            "name": "RG-FSA",
            "tags": {},
            "timeouts": null
          },
          "sensitive_attributes": [],
          "private": "eyJlMmJmYjczMC1lY2FhLTExZTYtOGY4OC0zNDM2M2JjN2M0YzAiOnsiY3JlYXRlIjo1NDAwMDAwMDAwMDAwLCJkZWxldGUiOjU0MDAwMDAwMDAwMDAsInJlYWQiOjMwMDAwMDAwMDAwMCwidXBkYXRlIjo1NDAwMDAwMDAwMDAwfX0="
        }
      ]
    },
    {
      "mode": "managed",
      "type": "azurerm_service_plan",
      "name": "aspfsa",
      "provider": "provider[\"registry.terraform.io/hashicorp/azurerm\"]",
      "instances": [
        {
          "schema_version": 1,
          "attributes": {
            "app_service_environment_id": "",
            "id": "/subscriptions/214be358-e4cb-434f-b300-aceef5abd2f3/resourceGroups/RG-FSA/providers/Microsoft.Web/serverFarms/ASP-FSA",
            "kind": "app",
            "location": "northeurope",
            "maximum_elastic_worker_count": 1,
            "name": "ASP-FSA",
            "os_type": "Windows",
            "per_site_scaling_enabled": false,
            "reserved": false,
            "resource_group_name": "RG-FSA",
            "sku_name": "B1",
            "tags": {},
            "timeouts": null,
            "worker_count": 1,
            "zone_balancing_enabled": false
          },
          "sensitive_attributes": [],
          "private": "eyJlMmJmYjczMC1lY2FhLTExZTYtOGY4OC0zNDM2M2JjN2M0YzAiOnsiY3JlYXRlIjozNjAwMDAwMDAwMDAwLCJkZWxldGUiOjM2MDAwMDAwMDAwMDAsInJlYWQiOjMwMDAwMDAwMDAwMCwidXBkYXRlIjozNjAwMDAwMDAwMDAwfSwic2NoZW1hX3ZlcnNpb24iOiIxIn0=",
          "dependencies": [
            "azurerm_resource_group.rgfsa"
          ]
        }
      ]
    },
    {
      "mode": "managed",
      "type": "azurerm_windows_web_app",
      "name": "awwafsa",
      "provider": "provider[\"registry.terraform.io/hashicorp/azurerm\"]",
      "instances": [
        {
          "schema_version": 1,
          "attributes": {
            "app_settings": null,
            "auth_settings": [],
            "auth_settings_v2": [],
            "backup": [],
            "client_affinity_enabled": false,
            "client_certificate_enabled": false,
            "client_certificate_exclusion_paths": "",
            "client_certificate_mode": "Required",
            "connection_string": [],
            "custom_domain_verification_id": "6EF228F85CB2DBB96618654C25B01B1B59D8F9004F04DB6C5BB665BB1C16AE45",
            "default_hostname": "gymfitbulgaria-admin.azurewebsites.net",
            "enabled": true,
            "ftp_publish_basic_authentication_enabled": true,
            "hosting_environment_id": "",
            "https_only": false,
            "id": "/subscriptions/214be358-e4cb-434f-b300-aceef5abd2f3/resourceGroups/RG-FSA/providers/Microsoft.Web/sites/gymfitbulgaria-admin",
            "identity": [],
            "key_vault_reference_identity_id": "SystemAssigned",
            "kind": "app",
            "location": "northeurope",
            "logs": [],
            "name": "gymfitbulgaria-admin",
            "outbound_ip_address_list": [
              "20.13.194.65",
              "20.13.194.77",
              "20.13.194.78",
              "20.13.192.163",
              "20.13.194.212",
              "20.13.194.232",
              "20.13.198.82",
              "20.13.198.85",
              "20.13.198.115",
              "20.13.198.122",
              "20.13.198.126",
              "20.13.198.203",
              "20.13.195.63",
              "20.13.199.152",
              "20.13.199.153",
              "20.13.192.239",
              "20.13.199.182",
              "20.13.199.183",
              "20.107.224.51"
            ],
            "outbound_ip_addresses": "20.13.194.65,20.13.194.77,20.13.194.78,20.13.192.163,20.13.194.212,20.13.194.232,20.13.198.82,20.13.198.85,20.13.198.115,20.13.198.122,20.13.198.126,20.13.198.203,20.13.195.63,20.13.199.152,20.13.199.153,20.13.192.239,20.13.199.182,20.13.199.183,20.107.224.51",
            "possible_outbound_ip_address_list": [
              "20.13.194.65",
              "20.13.194.77",
              "20.13.194.78",
              "20.13.192.163",
              "20.13.194.212",
              "20.13.194.232",
              "20.13.198.82",
              "20.13.198.85",
              "20.13.198.115",
              "20.13.198.122",
              "20.13.198.126",
              "20.13.198.203",
              "20.13.195.63",
              "20.13.199.152",
              "20.13.199.153",
              "20.13.192.239",
              "20.13.199.182",
              "20.13.199.183",
              "20.13.195.94",
              "20.13.195.225",
              "20.13.196.111",
              "20.13.197.24",
              "20.13.197.64",
              "20.13.197.216",
              "20.13.197.243",
              "20.13.197.249",
              "20.13.198.1",
              "20.13.198.4",
              "20.13.198.18",
              "20.13.198.22",
              "20.13.198.50",
              "20.13.198.67",
              "20.13.198.70",
              "20.13.198.77",
              "20.13.198.79",
              "20.13.192.166",
              "20.13.198.82",
              "20.13.198.85",
              "20.13.198.115",
              "20.13.198.122",
              "20.13.198.126",
              "20.13.198.203",
              "20.13.195.63",
              "20.13.199.152",
              "20.13.199.153",
              "20.13.192.239",
              "20.13.199.182",
              "20.13.199.183",
              "20.13.199.225",
              "20.13.197.8",
              "20.13.197.9",
              "20.13.197.10",
              "20.13.197.11",
              "20.13.199.197",
              "20.107.224.51"
            ],
            "possible_outbound_ip_addresses": "20.13.194.65,20.13.194.77,20.13.194.78,20.13.192.163,20.13.194.212,20.13.194.232,20.13.198.82,20.13.198.85,20.13.198.115,20.13.198.122,20.13.198.126,20.13.198.203,20.13.195.63,20.13.199.152,20.13.199.153,20.13.192.239,20.13.199.182,20.13.199.183,20.13.195.94,20.13.195.225,20.13.196.111,20.13.197.24,20.13.197.64,20.13.197.216,20.13.197.243,20.13.197.249,20.13.198.1,20.13.198.4,20.13.198.18,20.13.198.22,20.13.198.50,20.13.198.67,20.13.198.70,20.13.198.77,20.13.198.79,20.13.192.166,20.13.198.82,20.13.198.85,20.13.198.115,20.13.198.122,20.13.198.126,20.13.198.203,20.13.195.63,20.13.199.152,20.13.199.153,20.13.192.239,20.13.199.182,20.13.199.183,20.13.199.225,20.13.197.8,20.13.197.9,20.13.197.10,20.13.197.11,20.13.199.197,20.107.224.51",
            "public_network_access_enabled": true,
            "resource_group_name": "RG-FSA",
            "service_plan_id": "/subscriptions/214be358-e4cb-434f-b300-aceef5abd2f3/resourceGroups/RG-FSA/providers/Microsoft.Web/serverFarms/ASP-FSA",
            "site_config": [
              {
                "always_on": false,
                "api_definition_url": "",
                "api_management_api_id": "",
                "app_command_line": "",
                "application_stack": [
                  {
                    "current_stack": "node",
                    "docker_container_name": "",
                    "docker_container_registry": "",
                    "docker_container_tag": "",
                    "docker_image_name": "",
                    "docker_registry_password": "",
                    "docker_registry_url": "",
                    "docker_registry_username": "",
                    "dotnet_core_version": "",
                    "dotnet_version": "v4.0",
                    "java_container": "",
                    "java_container_version": "",
                    "java_embedded_server_enabled": false,
                    "java_version": "",
                    "node_version": "~20",
                    "php_version": "5.6",
                    "python": false,
                    "python_version": "",
                    "tomcat_version": ""
                  }
                ],
                "auto_heal_enabled": false,
                "auto_heal_setting": [],
                "container_registry_managed_identity_client_id": "",
                "container_registry_use_managed_identity": false,
                "cors": [],
                "default_documents": [
                  "Default.htm",
                  "Default.html",
                  "Default.asp",
                  "index.htm",
                  "index.html",
                  "iisstart.htm",
                  "default.aspx",
                  "index.php",
                  "hostingstart.html"
                ],
                "detailed_error_logging_enabled": false,
                "ftps_state": "Disabled",
                "handler_mapping": [],
                "health_check_eviction_time_in_min": 0,
                "health_check_path": "",
                "http2_enabled": false,
                "ip_restriction": [],
                "ip_restriction_default_action": "Allow",
                "linux_fx_version": "",
                "load_balancing_mode": "LeastRequests",
                "local_mysql_enabled": false,
                "managed_pipeline_mode": "Integrated",
                "minimum_tls_version": "1.2",
                "remote_debugging_enabled": false,
                "remote_debugging_version": "VS2022",
                "scm_ip_restriction": [],
                "scm_ip_restriction_default_action": "Allow",
                "scm_minimum_tls_version": "1.2",
                "scm_type": "None",
                "scm_use_main_ip_restriction": false,
                "use_32_bit_worker": true,
                "virtual_application": [],
                "vnet_route_all_enabled": false,
                "websockets_enabled": false,
                "windows_fx_version": "",
                "worker_count": 1
              }
            ],
            "site_credential": [
              {
                "name": "$gymfitbulgaria-admin",
                "password": "cAtNnr567JZNHxHQozkkmcrcFjN5ypBbcSidD3SJCkbEjP1PlpbYmo6H35q3"
              }
            ],
            "sticky_settings": [],
            "storage_account": [],
            "tags": null,
            "timeouts": null,
            "virtual_network_subnet_id": "",
            "webdeploy_publish_basic_authentication_enabled": true,
            "zip_deploy_file": ""
          },
          "sensitive_attributes": [],
          "private": "eyJlMmJmYjczMC1lY2FhLTExZTYtOGY4OC0zNDM2M2JjN2M0YzAiOnsiY3JlYXRlIjoxODAwMDAwMDAwMDAwLCJkZWxldGUiOjE4MDAwMDAwMDAwMDAsInJlYWQiOjMwMDAwMDAwMDAwMCwidXBkYXRlIjoxODAwMDAwMDAwMDAwfSwic2NoZW1hX3ZlcnNpb24iOiIxIn0=",
          "dependencies": [
            "azurerm_resource_group.rgfsa",
            "azurerm_service_plan.aspfsa"
          ]
        }
      ]
    }
  ],
  "check_results": null
}
